
Microsoft Visual Studio Solution File, Format Version 12.00
# Visual Studio Version 16
VisualStudioVersion = 16.0.31112.23
MinimumVisualStudioVersion = 10.0.40219.1
Project("{FAE04EC0-301F-11D3-BF4B-00C04F79EFBC}") = "PaymentAPI", "PaymentAPI.csproj", "{AE038B77-F6B0-4CA0-91A1-0648D0D3C4A5}"
EndProject
Global
	GlobalSection(SolutionConfigurationPlatforms) = preSolution
		Debug|Any CPU = Debug|Any CPU
		Release|Any CPU = Release|Any CPU
	EndGlobalSection
	GlobalSection(ProjectConfigurationPlatforms) = postSolution
		{AE038B77-F6B0-4CA0-91A1-0648D0D3C4A5}.Debug|Any CPU.ActiveCfg = Debug|Any CPU
		{AE038B77-F6B0-4CA0-91A1-0648D0D3C4A5}.Debug|Any CPU.Build.0 = Debug|Any CPU
		{AE038B77-F6B0-4CA0-91A1-0648D0D3C4A5}.Release|Any CPU.ActiveCfg = Release|Any CPU
		{AE038B77-F6B0-4CA0-91A1-0648D0D3C4A5}.Release|Any CPU.Build.0 = Release|Any CPU
	EndGlobalSection
	GlobalSection(SolutionProperties) = preSolution
		HideSolutionNode = FALSE
	EndGlobalSection
	GlobalSection(ExtensibilityGlobals) = postSolution
		SolutionGuid = {F6DC7FE8-25D0-49A1-B132-FCF3FB268E87}
	EndGlobalSection
EndGlobal
